
Microsoft Visual Studio Solution File, Format Version 12.00
# Visual Studio Version 17
VisualStudioVersion = 17.4.33122.133
MinimumVisualStudioVersion = 10.0.40219.1
Project("{9A19103F-16F7-4668-BE54-9A1E7A4F7556}") = "SensitiveWords", "SensitiveWords\SensitiveWords.csproj", "{9BDEA5B8-7425-40D6-A9AE-4AF355B2B00C}"
EndProject
Project("{9A19103F-16F7-4668-BE54-9A1E7A4F7556}") = "SensitiveWordsTests", "SensitiveWordsTests\SensitiveWordsTests.csproj", "{4B617F79-AE66-4B7F-B88D-28789D2C2769}"
EndProject
Project("{FAE04EC0-301F-11D3-BF4B-00C04F79EFBC}") = "AppTest", "AppTest\AppTest.csproj", "{3751D713-B805-40E0-9925-FD68D4167AE3}"
EndProject
Global
	GlobalSection(SolutionConfigurationPlatforms) = preSolution
		Debug|Any CPU = Debug|Any CPU
		Release|Any CPU = Release|Any CPU
	EndGlobalSection
	GlobalSection(ProjectConfigurationPlatforms) = postSolution
		{9BDEA5B8-7425-40D6-A9AE-4AF355B2B00C}.Debug|Any CPU.ActiveCfg = Debug|Any CPU
		{9BDEA5B8-7425-40D6-A9AE-4AF355B2B00C}.Debug|Any CPU.Build.0 = Debug|Any CPU
		{9BDEA5B8-7425-40D6-A9AE-4AF355B2B00C}.Release|Any CPU.ActiveCfg = Release|Any CPU
		{9BDEA5B8-7425-40D6-A9AE-4AF355B2B00C}.Release|Any CPU.Build.0 = Release|Any CPU
		{4B617F79-AE66-4B7F-B88D-28789D2C2769}.Debug|Any CPU.ActiveCfg = Debug|Any CPU
		{4B617F79-AE66-4B7F-B88D-28789D2C2769}.Debug|Any CPU.Build.0 = Debug|Any CPU
		{4B617F79-AE66-4B7F-B88D-28789D2C2769}.Release|Any CPU.ActiveCfg = Release|Any CPU
		{4B617F79-AE66-4B7F-B88D-28789D2C2769}.Release|Any CPU.Build.0 = Release|Any CPU
		{3751D713-B805-40E0-9925-FD68D4167AE3}.Debug|Any CPU.ActiveCfg = Debug|Any CPU
		{3751D713-B805-40E0-9925-FD68D4167AE3}.Debug|Any CPU.Build.0 = Debug|Any CPU
		{3751D713-B805-40E0-9925-FD68D4167AE3}.Release|Any CPU.ActiveCfg = Release|Any CPU
		{3751D713-B805-40E0-9925-FD68D4167AE3}.Release|Any CPU.Build.0 = Release|Any CPU
	EndGlobalSection
	GlobalSection(SolutionProperties) = preSolution
		HideSolutionNode = FALSE
	EndGlobalSection
	GlobalSection(ExtensibilityGlobals) = postSolution
		SolutionGuid = {57BEBABB-DD7C-4829-8B03-CFF5B9ACB798}
	EndGlobalSection
EndGlobal
